
Microsoft Visual Studio Solution File, Format Version 12.00
# Visual Studio Version 17
VisualStudioVersion = 17.4.33110.190
MinimumVisualStudioVersion = 10.0.40219.1
Project("{9A19103F-16F7-4668-BE54-9A1E7A4F7556}") = "TransConnect", "TransConnect.csproj", "{2B3D3F33-D34E-4EBA-8380-5B6D9E3AA678}"
EndProject
Global
	GlobalSection(SolutionConfigurationPlatforms) = preSolution
		Debug|Any CPU = Debug|Any CPU
		Release|Any CPU = Release|Any CPU
	EndGlobalSection
	GlobalSection(ProjectConfigurationPlatforms) = postSolution
		{2B3D3F33-D34E-4EBA-8380-5B6D9E3AA678}.Debug|Any CPU.ActiveCfg = Debug|Any CPU
		{2B3D3F33-D34E-4EBA-8380-5B6D9E3AA678}.Debug|Any CPU.Build.0 = Debug|Any CPU
		{2B3D3F33-D34E-4EBA-8380-5B6D9E3AA678}.Release|Any CPU.ActiveCfg = Release|Any CPU
		{2B3D3F33-D34E-4EBA-8380-5B6D9E3AA678}.Release|Any CPU.Build.0 = Release|Any CPU
	EndGlobalSection
	GlobalSection(SolutionProperties) = preSolution
		HideSolutionNode = FALSE
	EndGlobalSection
	GlobalSection(ExtensibilityGlobals) = postSolution
		SolutionGuid = {15A6002B-89CF-4BD4-AE08-6D5437320647}
	EndGlobalSection
EndGlobal
